
Microsoft Visual Studio Solution File, Format Version 12.00
# Visual Studio Version 17
VisualStudioVersion = 17.5.33414.496
MinimumVisualStudioVersion = 10.0.40219.1
Project("{FAE04EC0-301F-11D3-BF4B-00C04F79EFBC}") = "InverteValoresMatriz", "InverteValoresMatriz\InverteValoresMatriz.csproj", "{A2DD38BD-30E1-4D4A-9AA1-753FD3C66E3D}"
EndProject
Global
	GlobalSection(SolutionConfigurationPlatforms) = preSolution
		Debug|Any CPU = Debug|Any CPU
		Release|Any CPU = Release|Any CPU
	EndGlobalSection
	GlobalSection(ProjectConfigurationPlatforms) = postSolution
		{A2DD38BD-30E1-4D4A-9AA1-753FD3C66E3D}.Debug|Any CPU.ActiveCfg = Debug|Any CPU
		{A2DD38BD-30E1-4D4A-9AA1-753FD3C66E3D}.Debug|Any CPU.Build.0 = Debug|Any CPU
		{A2DD38BD-30E1-4D4A-9AA1-753FD3C66E3D}.Release|Any CPU.ActiveCfg = Release|Any CPU
		{A2DD38BD-30E1-4D4A-9AA1-753FD3C66E3D}.Release|Any CPU.Build.0 = Release|Any CPU
	EndGlobalSection
	GlobalSection(SolutionProperties) = preSolution
		HideSolutionNode = FALSE
	EndGlobalSection
	GlobalSection(ExtensibilityGlobals) = postSolution
		SolutionGuid = {16B1D3FD-27E2-4EF3-8D08-30AB671F4289}
	EndGlobalSection
EndGlobal
